// !$*UTF8*$!
{
	archiveVersion = 1;
	classes = {
	};
	objectVersion = 46;
	objects = {

/* Begin PBXBuildFile section */
		D390DFFA18E240CF00BD6963 /* Main.storyboard in Resources */ = {isa = PBXBuildFile; fileRef = D390DFE818E240CF00BD6963 /* Main.storyboard */; };
		D390DFFB18E240CF00BD6963 /* DOAnimator.m in Sources */ = {isa = PBXBuildFile; fileRef = D390DFEB18E240CF00BD6963 /* DOAnimator.m */; };
		D390DFFC18E240CF00BD6963 /* DOAppDelegate.m in Sources */ = {isa = PBXBuildFile; fileRef = D390DFED18E240CF00BD6963 /* DOAppDelegate.m */; };
		D390DFFE18E240CF00BD6963 /* DOImmersiveFormViewController.m in Sources */ = {isa = PBXBuildFile; fileRef = D390DFF118E240CF00BD6963 /* DOImmersiveFormViewController.m */; };
		D390DFFF18E240CF00BD6963 /* DOViewController.m in Sources */ = {isa = PBXBuildFile; fileRef = D390DFF318E240CF00BD6963 /* DOViewController.m */; };
		D390E00018E240CF00BD6963 /* InfoPlist.strings in Resources */ = {isa = PBXBuildFile; fileRef = D390DFF418E240CF00BD6963 /* InfoPlist.strings */; };
		D390E00118E240CF00BD6963 /* Images.xcassets in Resources */ = {isa = PBXBuildFile; fileRef = D390DFF618E240CF00BD6963 /* Images.xcassets */; };
		D390E00318E240CF00BD6963 /* main.m in Sources */ = {isa = PBXBuildFile; fileRef = D390DFF918E240CF00BD6963 /* main.m */; };
		D396CB1918E11375008FF757 /* Foundation.framework in Frameworks */ = {isa = PBXBuildFile; fileRef = D396CB1818E11375008FF757 /* Foundation.framework */; };
		D396CB1B18E11375008FF757 /* CoreGraphics.framework in Frameworks */ = {isa = PBXBuildFile; fileRef = D396CB1A18E11375008FF757 /* CoreGraphics.framework */; };
		D396CB1D18E11375008FF757 /* UIKit.framework in Frameworks */ = {isa = PBXBuildFile; fileRef = D396CB1C18E11375008FF757 /* UIKit.framework */; };
/* End PBXBuildFile section */

/* Begin PBXFileReference section */
		D390DFE918E240CF00BD6963 /* Base */ = {isa = PBXFileReference; lastKnownFileType = file.storyboard; name = Base; path = Base.lproj/Main.storyboard; sourceTree = "<group>"; };
		D390DFEA18E240CF00BD6963 /* DOAnimator.h */ = {isa = PBXFileReference; fileEncoding = 4; lastKnownFileType = sourcecode.c.h; path = DOAnimator.h; sourceTree = "<group>"; };
		D390DFEB18E240CF00BD6963 /* DOAnimator.m */ = {isa = PBXFileReference; fileEncoding = 4; lastKnownFileType = sourcecode.c.objc; path = DOAnimator.m; sourceTree = "<group>"; };
		D390DFEC18E240CF00BD6963 /* DOAppDelegate.h */ = {isa = PBXFileReference; fileEncoding = 4; lastKnownFileType = sourcecode.c.h; path = DOAppDelegate.h; sourceTree = "<group>"; };
		D390DFED18E240CF00BD6963 /* DOAppDelegate.m */ = {isa = PBXFileReference; fileEncoding = 4; lastKnownFileType = sourcecode.c.objc; path = DOAppDelegate.m; sourceTree = "<group>"; };
		D390DFF018E240CF00BD6963 /* DOImmersiveFormViewController.h */ = {isa = PBXFileReference; fileEncoding = 4; lastKnownFileType = sourcecode.c.h; path = DOImmersiveFormViewController.h; sourceTree = "<group>"; };
		D390DFF118E240CF00BD6963 /* DOImmersiveFormViewController.m */ = {isa = PBXFileReference; fileEncoding = 4; lastKnownFileType = sourcecode.c.objc; path = DOImmersiveFormViewController.m; sourceTree = "<group>"; };
		D390DFF218E240CF00BD6963 /* DOViewController.h */ = {isa = PBXFileReference; fileEncoding = 4; lastKnownFileType = sourcecode.c.h; path = DOViewController.h; sourceTree = "<group>"; };
		D390DFF318E240CF00BD6963 /* DOViewController.m */ = {isa = PBXFileReference; fileEncoding = 4; lastKnownFileType = sourcecode.c.objc; path = DOViewController.m; sourceTree = "<group>"; };
		D390DFF518E240CF00BD6963 /* en */ = {isa = PBXFileReference; lastKnownFileType = text.plist.strings; name = en; path = en.lproj/InfoPlist.strings; sourceTree = "<group>"; };
		D390DFF618E240CF00BD6963 /* Images.xcassets */ = {isa = PBXFileReference; lastKnownFileType = folder.assetcatalog; path = Images.xcassets; sourceTree = "<group>"; };
		D390DFF818E240CF00BD6963 /* ImmersiveForms-Prefix.pch */ = {isa = PBXFileReference; fileEncoding = 4; lastKnownFileType = sourcecode.c.h; path = "ImmersiveForms-Prefix.pch"; sourceTree = "<group>"; };
		D390DFF918E240CF00BD6963 /* main.m */ = {isa = PBXFileReference; fileEncoding = 4; lastKnownFileType = sourcecode.c.objc; path = main.m; sourceTree = "<group>"; };
		D396CB1518E11375008FF757 /* ImmersiveForms.app */ = {isa = PBXFileReference; explicitFileType = wrapper.application; includeInIndex = 0; path = ImmersiveForms.app; sourceTree = BUILT_PRODUCTS_DIR; };
		D396CB1818E11375008FF757 /* Foundation.framework */ = {isa = PBXFileReference; lastKnownFileType = wrapper.framework; name = Foundation.framework; path = System/Library/Frameworks/Foundation.framework; sourceTree = SDKROOT; };
		D396CB1A18E11375008FF757 /* CoreGraphics.framework */ = {isa = PBXFileReference; lastKnownFileType = wrapper.framework; name = CoreGraphics.framework; path = System/Library/Frameworks/CoreGraphics.framework; sourceTree = SDKROOT; };
		D396CB1C18E11375008FF757 /* UIKit.framework */ = {isa = PBXFileReference; lastKnownFileType = wrapper.framework; name = UIKit.framework; path = System/Library/Frameworks/UIKit.framework; sourceTree = SDKROOT; };
		D396CB3718E11375008FF757 /* XCTest.framework */ = {isa = PBXFileReference; lastKnownFileType = wrapper.framework; name = XCTest.framework; path = Library/Frameworks/XCTest.framework; sourceTree = DEVELOPER_DIR; };
/* End PBXFileReference section */

/* Begin PBXFrameworksBuildPhase section */
		D396CB1218E11375008FF757 /* Frameworks */ = {
			isa = PBXFrameworksBuildPhase;
			buildActionMask = 2147483647;
			files = (
				D396CB1B18E11375008FF757 /* CoreGraphics.framework in Frameworks */,
				D396CB1D18E11375008FF757 /* UIKit.framework in Frameworks */,
				D396CB1918E11375008FF757 /* Foundation.framework in Frameworks */,
			);
			runOnlyForDeploymentPostprocessing = 0;
		};
/* End PBXFrameworksBuildPhase section */

/* Begin PBXGroup section */
		D35C4B2B18E35EC8007B1D36 /* Resources */ = {
			isa = PBXGroup;
			children = (
				D390DFF618E240CF00BD6963 /* Images.xcassets */,
				D390DFF418E240CF00BD6963 /* InfoPlist.strings */,
				D390DFF818E240CF00BD6963 /* ImmersiveForms-Prefix.pch */,
				D390DFF918E240CF00BD6963 /* main.m */,
			);
			name = Resources;
			sourceTree = "<group>";
		};
		D390DFE718E240CF00BD6963 /* ImmersiveForms */ = {
			isa = PBXGroup;
			children = (
				D390DFE818E240CF00BD6963 /* Main.storyboard */,
				D390DFEC18E240CF00BD6963 /* DOAppDelegate.h */,
				D390DFED18E240CF00BD6963 /* DOAppDelegate.m */,
				D390DFF218E240CF00BD6963 /* DOViewController.h */,
				D390DFF318E240CF00BD6963 /* DOViewController.m */,
				D390DFF018E240CF00BD6963 /* DOImmersiveFormViewController.h */,
				D390DFF118E240CF00BD6963 /* DOImmersiveFormViewController.m */,
				D390DFEA18E240CF00BD6963 /* DOAnimator.h */,
				D390DFEB18E240CF00BD6963 /* DOAnimator.m */,
				D35C4B2B18E35EC8007B1D36 /* Resources */,
			);
			path = ImmersiveForms;
			sourceTree = "<group>";
		};
		D396CB0C18E11375008FF757 = {
			isa = PBXGroup;
			children = (
				D390DFE718E240CF00BD6963 /* ImmersiveForms */,
				D396CB1718E11375008FF757 /* Frameworks */,
				D396CB1618E11375008FF757 /* Products */,
			);
			sourceTree = "<group>";
		};
		D396CB1618E11375008FF757 /* Products */ = {
			isa = PBXGroup;
			children = (
				D396CB1518E11375008FF757 /* ImmersiveForms.app */,
			);
			name = Products;
			sourceTree = "<group>";
		};
		D396CB1718E11375008FF757 /* Frameworks */ = {
			isa = PBXGroup;
			children = (
				D396CB1818E11375008FF757 /* Foundation.framework */,
				D396CB1A18E11375008FF757 /* CoreGraphics.framework */,
				D396CB1C18E11375008FF757 /* UIKit.framework */,
				D396CB3718E11375008FF757 /* XCTest.framework */,
			);
			name = Frameworks;
			sourceTree = "<group>";
		};
/* End PBXGroup section */

/* Begin PBXNativeTarget section */
		D396CB1418E11375008FF757 /* ImmersiveForms */ = {
			isa = PBXNativeTarget;
			buildConfigurationList = D396CB4718E11375008FF757 /* Build configuration list for PBXNativeTarget "ImmersiveForms" */;
			buildPhases = (
				D396CB1118E11375008FF757 /* Sources */,
				D396CB1218E11375008FF757 /* Frameworks */,
				D396CB1318E11375008FF757 /* Resources */,
			);
			buildRules = (
			);
			dependencies = (
			);
			name = ImmersiveForms;
			productName = IForms;
			productReference = D396CB1518E11375008FF757 /* ImmersiveForms.app */;
			productType = "com.apple.product-type.application";
		};
/* End PBXNativeTarget section */

/* Begin PBXProject section */
		D396CB0D18E11375008FF757 /* Project object */ = {
			isa = PBXProject;
			attributes = {
				CLASSPREFIX = DO;
				LastUpgradeCheck = 0510;
				ORGANIZATIONNAME = "David Olesch";
			};
			buildConfigurationList = D396CB1018E11375008FF757 /* Build configuration list for PBXProject "ImmersiveForms" */;
			compatibilityVersion = "Xcode 3.2";
			developmentRegion = English;
			hasScannedForEncodings = 0;
			knownRegions = (
				en,
				Base,
			);
			mainGroup = D396CB0C18E11375008FF757;
			productRefGroup = D396CB1618E11375008FF757 /* Products */;
			projectDirPath = "";
			projectRoot = "";
			targets = (
				D396CB1418E11375008FF757 /* ImmersiveForms */,
			);
		};
/* End PBXProject section */

/* Begin PBXResourcesBuildPhase section */
		D396CB1318E11375008FF757 /* Resources */ = {
			isa = PBXResourcesBuildPhase;
			buildActionMask = 2147483647;
			files = (
				D390E00118E240CF00BD6963 /* Images.xcassets in Resources */,
				D390DFFA18E240CF00BD6963 /* Main.storyboard in Resources */,
				D390E00018E240CF00BD6963 /* InfoPlist.strings in Resources */,
			);
			runOnlyForDeploymentPostprocessing = 0;
		};
/* End PBXResourcesBuildPhase section */

/* Begin PBXSourcesBuildPhase section */
		D396CB1118E11375008FF757 /* Sources */ = {
			isa = PBXSourcesBuildPhase;
			buildActionMask = 2147483647;
			files = (
				D390DFFB18E240CF00BD6963 /* DOAnimator.m in Sources */,
				D390DFFC18E240CF00BD6963 /* DOAppDelegate.m in Sources */,
				D390DFFF18E240CF00BD6963 /* DOViewController.m in Sources */,
				D390E00318E240CF00BD6963 /* main.m in Sources */,
				D390DFFE18E240CF00BD6963 /* DOImmersiveFormViewController.m in Sources */,
			);
			runOnlyForDeploymentPostprocessing = 0;
		};
/* End PBXSourcesBuildPhase section */

/* Begin PBXVariantGroup section */
		D390DFE818E240CF00BD6963 /* Main.storyboard */ = {
			isa = PBXVariantGroup;
			children = (
				D390DFE918E240CF00BD6963 /* Base */,
			);
			name = Main.storyboard;
			sourceTree = "<group>";
		};
		D390DFF418E240CF00BD6963 /* InfoPlist.strings */ = {
			isa = PBXVariantGroup;
			children = (
				D390DFF518E240CF00BD6963 /* en */,
			);
			name = InfoPlist.strings;
			sourceTree = "<group>";
		};
/* End PBXVariantGroup section */

/* Begin XCBuildConfiguration section */
		D396CB4518E11375008FF757 /* Debug */ = {
			isa = XCBuildConfiguration;
			buildSettings = {
				ALWAYS_SEARCH_USER_PATHS = NO;
				CLANG_CXX_LANGUAGE_STANDARD = "gnu++0x";
				CLANG_CXX_LIBRARY = "libc++";
				CLANG_ENABLE_MODULES = YES;
				CLANG_ENABLE_OBJC_ARC = YES;
				CLANG_WARN_BOOL_CONVERSION = YES;
				CLANG_WARN_CONSTANT_CONVERSION = YES;
				CLANG_WARN_DIRECT_OBJC_ISA_USAGE = YES_ERROR;
				CLANG_WARN_EMPTY_BODY = YES;
				CLANG_WARN_ENUM_CONVERSION = YES;
				CLANG_WARN_INT_CONVERSION = YES;
				CLANG_WARN_OBJC_ROOT_CLASS = YES_ERROR;
				CLANG_WARN__DUPLICATE_METHOD_MATCH = YES;
				"CODE_SIGN_IDENTITY[sdk=iphoneos*]" = "iPhone Developer";
				COPY_PHASE_STRIP = NO;
				GCC_C_LANGUAGE_STANDARD = gnu99;
				GCC_DYNAMIC_NO_PIC = NO;
				GCC_OPTIMIZATION_LEVEL = 0;
				GCC_PREPROCESSOR_DEFINITIONS = (
					"DEBUG=1",
					"$(inherited)",
				);
				GCC_SYMBOLS_PRIVATE_EXTERN = NO;
				GCC_WARN_64_TO_32_BIT_CONVERSION = YES;
				GCC_WARN_ABOUT_RETURN_TYPE = YES_ERROR;
				GCC_WARN_UNDECLARED_SELECTOR = YES;
				GCC_WARN_UNINITIALIZED_AUTOS = YES_AGGRESSIVE;
				GCC_WARN_UNUSED_FUNCTION = YES;
				GCC_WARN_UNUSED_VARIABLE = YES;
				IPHONEOS_DEPLOYMENT_TARGET = 7.1;
				ONLY_ACTIVE_ARCH = YES;
				PRODUCT_NAME = "";
				SDKROOT = iphoneos;
			};
			name = Debug;
		};
		D396CB4618E11375008FF757 /* Release */ = {
			isa = XCBuildConfiguration;
			buildSettings = {
				ALWAYS_SEARCH_USER_PATHS = NO;
				CLANG_CXX_LANGUAGE_STANDARD = "gnu++0x";
				CLANG_CXX_LIBRARY = "libc++";
				CLANG_ENABLE_MODULES = YES;
				CLANG_ENABLE_OBJC_ARC = YES;
				CLANG_WARN_BOOL_CONVERSION = YES;
				CLANG_WARN_CONSTANT_CONVERSION = YES;
				CLANG_WARN_DIRECT_OBJC_ISA_USAGE = YES_ERROR;
				CLANG_WARN_EMPTY_BODY = YES;
				CLANG_WARN_ENUM_CONVERSION = YES;
				CLANG_WARN_INT_CONVERSION = YES;
				CLANG_WARN_OBJC_ROOT_CLASS = YES_ERROR;
				CLANG_WARN__DUPLICATE_METHOD_MATCH = YES;
				"CODE_SIGN_IDENTITY[sdk=iphoneos*]" = "iPhone Developer";
				COPY_PHASE_STRIP = YES;
				ENABLE_NS_ASSERTIONS = NO;
				GCC_C_LANGUAGE_STANDARD = gnu99;
				GCC_WARN_64_TO_32_BIT_CONVERSION = YES;
				GCC_WARN_ABOUT_RETURN_TYPE = YES_ERROR;
				GCC_WARN_UNDECLARED_SELECTOR = YES;
				GCC_WARN_UNINITIALIZED_AUTOS = YES_AGGRESSIVE;
				GCC_WARN_UNUSED_FUNCTION = YES;
				GCC_WARN_UNUSED_VARIABLE = YES;
				IPHONEOS_DEPLOYMENT_TARGET = 7.1;
				PRODUCT_NAME = "";
				SDKROOT = iphoneos;
				VALIDATE_PRODUCT = YES;
			};
			name = Release;
		};
		D396CB4818E11375008FF757 /* Debug */ = {
			isa = XCBuildConfiguration;
			buildSettings = {
				ASSETCATALOG_COMPILER_APPICON_NAME = AppIcon;
				ASSETCATALOG_COMPILER_LAUNCHIMAGE_NAME = LaunchImage;
				GCC_PRECOMPILE_PREFIX_HEADER = YES;
				GCC_PREFIX_HEADER = "ImmersiveForms/ImmersiveForms-Prefix.pch";
				INFOPLIST_FILE = "ImmersiveForms/ImmersiveForms-Info.plist";
				PRODUCT_NAME = ImmersiveForms;
				WRAPPER_EXTENSION = app;
			};
			name = Debug;
		};
		D396CB4918E11375008FF757 /* Release */ = {
			isa = XCBuildConfiguration;
			buildSettings = {
				ASSETCATALOG_COMPILER_APPICON_NAME = AppIcon;
				ASSETCATALOG_COMPILER_LAUNCHIMAGE_NAME = LaunchImage;
				GCC_PRECOMPILE_PREFIX_HEADER = YES;
				GCC_PREFIX_HEADER = "ImmersiveForms/ImmersiveForms-Prefix.pch";
				INFOPLIST_FILE = "ImmersiveForms/ImmersiveForms-Info.plist";
				PRODUCT_NAME = ImmersiveForms;
				WRAPPER_EXTENSION = app;
			};
			name = Release;
		};
/* End XCBuildConfiguration section */

/* Begin XCConfigurationList section */
		D396CB1018E11375008FF757 /* Build configuration list for PBXProject "ImmersiveForms" */ = {
			isa = XCConfigurationList;
			buildConfigurations = (
				D396CB4518E11375008FF757 /* Debug */,
				D396CB4618E11375008FF757 /* Release */,
			);
			defaultConfigurationIsVisible = 0;
			defaultConfigurationName = Release;
		};
		D396CB4718E11375008FF757 /* Build configuration list for PBXNativeTarget "ImmersiveForms" */ = {
			isa = XCConfigurationList;
			buildConfigurations = (
				D396CB4818E11375008FF757 /* Debug */,
				D396CB4918E11375008FF757 /* Release */,
			);
			defaultConfigurationIsVisible = 0;
			defaultConfigurationName = Release;
		};
/* End XCConfigurationList section */
	};
	rootObject = D396CB0D18E11375008FF757 /* Project object */;
}
